
Microsoft Visual Studio Solution File, Format Version 12.00
# Visual Studio 15
VisualStudioVersion = 15.0.27703.2026
MinimumVisualStudioVersion = 10.0.40219.1
Project("{888888A0-9F3D-457C-B088-3A5042F75D52}") = "Tinkering", "Tinkering\Tinkering.pyproj", "{6564BC8B-4E20-4096-AF7E-1DE673BF299C}"
EndProject
Global
	GlobalSection(SolutionConfigurationPlatforms) = preSolution
		Debug|Any CPU = Debug|Any CPU
		Release|Any CPU = Release|Any CPU
	EndGlobalSection
	GlobalSection(ProjectConfigurationPlatforms) = postSolution
		{6564BC8B-4E20-4096-AF7E-1DE673BF299C}.Debug|Any CPU.ActiveCfg = Debug|Any CPU
		{6564BC8B-4E20-4096-AF7E-1DE673BF299C}.Debug|Any CPU.Build.0 = Debug|Any CPU
		{6564BC8B-4E20-4096-AF7E-1DE673BF299C}.Release|Any CPU.ActiveCfg = Release|Any CPU
		{6564BC8B-4E20-4096-AF7E-1DE673BF299C}.Release|Any CPU.Build.0 = Release|Any CPU
	EndGlobalSection
	GlobalSection(SolutionProperties) = preSolution
		HideSolutionNode = FALSE
	EndGlobalSection
	GlobalSection(ExtensibilityGlobals) = postSolution
		SolutionGuid = {94B98C1B-176B-499B-BE6D-7D3D3FB56662}
	EndGlobalSection
EndGlobal
